
Microsoft Visual Studio Solution File, Format Version 12.00
Project("{FAE04EC0-301F-11D3-BF4B-00C04F79EFBC}") = "NG_Commander", "NG_Commander\NG_Commander.csproj", "{58691D7F-7652-45D0-A788-18B53B8D113A}"
EndProject
Global
	GlobalSection(SolutionConfigurationPlatforms) = preSolution
		Debug|Any CPU = Debug|Any CPU
		Release|Any CPU = Release|Any CPU
	EndGlobalSection
	GlobalSection(ProjectConfigurationPlatforms) = postSolution
		{58691D7F-7652-45D0-A788-18B53B8D113A}.Debug|Any CPU.ActiveCfg = Debug|Any CPU
		{58691D7F-7652-45D0-A788-18B53B8D113A}.Debug|Any CPU.Build.0 = Debug|Any CPU
		{58691D7F-7652-45D0-A788-18B53B8D113A}.Release|Any CPU.ActiveCfg = Release|Any CPU
		{58691D7F-7652-45D0-A788-18B53B8D113A}.Release|Any CPU.Build.0 = Release|Any CPU
	EndGlobalSection
EndGlobal
